
Microsoft Visual Studio Solution File, Format Version 12.00
# Visual Studio Version 17
VisualStudioVersion = 17.7.34031.279
MinimumVisualStudioVersion = 10.0.40219.1
Project("{FAE04EC0-301F-11D3-BF4B-00C04F79EFBC}") = "lap1_C#2_PH45302", "lap1_C#2_PH45302\lap1_C#2_PH45302.csproj", "{ACD38027-B48B-4ACD-AB5F-6BDE2D654B36}"
EndProject
Project("{FAE04EC0-301F-11D3-BF4B-00C04F79EFBC}") = "bai3", "bai3\bai3.csproj", "{884AC29D-5CD4-4262-AFD5-8EC1FC360622}"
EndProject
Project("{FAE04EC0-301F-11D3-BF4B-00C04F79EFBC}") = "bai1_lap1", "bai1_lap1\bai1_lap1.csproj", "{6BA16235-BA1C-4231-9CB6-4DB9906C83D1}"
EndProject
Project("{FAE04EC0-301F-11D3-BF4B-00C04F79EFBC}") = "Bai2_lap1", "Bai2_lap1\Bai2_lap1.csproj", "{17764664-FE8E-4C43-A866-7C0AF2E27258}"
EndProject
Project("{FAE04EC0-301F-11D3-BF4B-00C04F79EFBC}") = "Bai4_Lap1_C#2", "Bai4_Lap1_C#2\Bai4_Lap1_C#2.csproj", "{4CEF1E6E-EA22-418C-89E8-BBEF0247968C}"
EndProject
Global
	GlobalSection(SolutionConfigurationPlatforms) = preSolution
		Debug|Any CPU = Debug|Any CPU
		Release|Any CPU = Release|Any CPU
	EndGlobalSection
	GlobalSection(ProjectConfigurationPlatforms) = postSolution
		{ACD38027-B48B-4ACD-AB5F-6BDE2D654B36}.Debug|Any CPU.ActiveCfg = Debug|Any CPU
		{ACD38027-B48B-4ACD-AB5F-6BDE2D654B36}.Debug|Any CPU.Build.0 = Debug|Any CPU
		{ACD38027-B48B-4ACD-AB5F-6BDE2D654B36}.Release|Any CPU.ActiveCfg = Release|Any CPU
		{ACD38027-B48B-4ACD-AB5F-6BDE2D654B36}.Release|Any CPU.Build.0 = Release|Any CPU
		{884AC29D-5CD4-4262-AFD5-8EC1FC360622}.Debug|Any CPU.ActiveCfg = Debug|Any CPU
		{884AC29D-5CD4-4262-AFD5-8EC1FC360622}.Debug|Any CPU.Build.0 = Debug|Any CPU
		{884AC29D-5CD4-4262-AFD5-8EC1FC360622}.Release|Any CPU.ActiveCfg = Release|Any CPU
		{884AC29D-5CD4-4262-AFD5-8EC1FC360622}.Release|Any CPU.Build.0 = Release|Any CPU
		{6BA16235-BA1C-4231-9CB6-4DB9906C83D1}.Debug|Any CPU.ActiveCfg = Debug|Any CPU
		{6BA16235-BA1C-4231-9CB6-4DB9906C83D1}.Debug|Any CPU.Build.0 = Debug|Any CPU
		{6BA16235-BA1C-4231-9CB6-4DB9906C83D1}.Release|Any CPU.ActiveCfg = Release|Any CPU
		{6BA16235-BA1C-4231-9CB6-4DB9906C83D1}.Release|Any CPU.Build.0 = Release|Any CPU
		{17764664-FE8E-4C43-A866-7C0AF2E27258}.Debug|Any CPU.ActiveCfg = Debug|Any CPU
		{17764664-FE8E-4C43-A866-7C0AF2E27258}.Debug|Any CPU.Build.0 = Debug|Any CPU
		{17764664-FE8E-4C43-A866-7C0AF2E27258}.Release|Any CPU.ActiveCfg = Release|Any CPU
		{17764664-FE8E-4C43-A866-7C0AF2E27258}.Release|Any CPU.Build.0 = Release|Any CPU
		{4CEF1E6E-EA22-418C-89E8-BBEF0247968C}.Debug|Any CPU.ActiveCfg = Debug|Any CPU
		{4CEF1E6E-EA22-418C-89E8-BBEF0247968C}.Debug|Any CPU.Build.0 = Debug|Any CPU
		{4CEF1E6E-EA22-418C-89E8-BBEF0247968C}.Release|Any CPU.ActiveCfg = Release|Any CPU
		{4CEF1E6E-EA22-418C-89E8-BBEF0247968C}.Release|Any CPU.Build.0 = Release|Any CPU
	EndGlobalSection
	GlobalSection(SolutionProperties) = preSolution
		HideSolutionNode = FALSE
	EndGlobalSection
	GlobalSection(ExtensibilityGlobals) = postSolution
		SolutionGuid = {ADAEF571-3D13-47B5-BE81-F30C2036DE14}
	EndGlobalSection
EndGlobal
